{
 "name": "bridgetalk",
 "version": "1.0.0",
 "lockfileVersion": 3,
 "requires": true,
 "packages": {
   "": {
     "name": "bridgetalk",
     "version": "1.0.0",
     "dependencies": {
       "dotenv": "^16.3.1",
       "express": "^4.18.2",
       "multer": "^1.4.5",
       "openai": "^4.0.0",
       "ioredis": "^5.3.2"
     }
   }
 },
 "dependencies": {
   "dotenv": {
     "version": "16.3.1",
     "resolved": "https://registry.npmjs.org/dotenv/-/dotenv-16.3.1.tgz",
     "integrity": "sha512-ZypCjvZ3jR6OjKx5mLh/9T8lztV5P4QZf+z8iVbA91w0oH1VoPmqO2W4mHnU4P3ylZnB6MZH3Y0PqY+nm5K2lg=="
   },
   "express": {
     "version": "4.18.2",
     "resolved": "https://registry.npmjs.org/express/-/express-4.18.2.tgz",
     "integrity": "sha512-5P0+zF9f6tTkU9r4A3Y3V+eR5V+zv7F91vAGgE9SxUw8g0mBOPCnbQqgA3oLehL43TQqQ41o7M+35ZqbHZ+rZg=="
   },
   "multer": {
     "version": "1.4.5-lts.1",
     "resolved": "https://registry.npmjs.org/multer/-/multer-1.4.5-lts.1.tgz",
     "integrity": "sha512-y6P8sV8f1Z2x7eKVaBPiUt5wZRt7cW8D7i2mA7Es7L+jh+RJvRjF0czQ8IYv2vTtM9Acxy4iK80jxZQQkzS54A=="
   },
   "openai": {
     "version": "4.0.0",
     "resolved": "https://registry.npmjs.org/openai/-/openai-4.0.0.tgz",
     "integrity": "sha512-yxTzCEY6sO7ZL3HY+ZjE0U2tqVhWLMW+Pt8V3ZPV7zN3hcFPwqOTVbH0S98SJJTiTjodVrVfHfsO09dUvU5Y6g=="
   },
   "ioredis": {
     "version": "5.3.2",
     "resolved": "https://registry.npmjs.org/ioredis/-/ioredis-5.3.2.tgz",
     "integrity": "sha512-t/cPld6hD1zE6ztpIcbh07zGcl0Fez5xtEz9xXj4p2AoxjUqZb7VutVQ+qDW7YH1VtKZroNZzCj8EkjYJZQOfg=="
   }
 }
}
